
Microsoft Visual Studio Solution File, Format Version 12.00
# Visual Studio Version 16
VisualStudioVersion = 16.0.30907.101
MinimumVisualStudioVersion = 10.0.40219.1
Project("{FAE04EC0-301F-11D3-BF4B-00C04F79EFBC}") = "MyWindowsForms", "MyWindowsForms\MyWindowsForms.csproj", "{68E21A56-1309-4195-8685-A0E3311079AB}"
EndProject
Global
	GlobalSection(SolutionConfigurationPlatforms) = preSolution
		Debug|Any CPU = Debug|Any CPU
		Release|Any CPU = Release|Any CPU
	EndGlobalSection
	GlobalSection(ProjectConfigurationPlatforms) = postSolution
		{68E21A56-1309-4195-8685-A0E3311079AB}.Debug|Any CPU.ActiveCfg = Debug|Any CPU
		{68E21A56-1309-4195-8685-A0E3311079AB}.Debug|Any CPU.Build.0 = Debug|Any CPU
		{68E21A56-1309-4195-8685-A0E3311079AB}.Release|Any CPU.ActiveCfg = Release|Any CPU
		{68E21A56-1309-4195-8685-A0E3311079AB}.Release|Any CPU.Build.0 = Release|Any CPU
	EndGlobalSection
	GlobalSection(SolutionProperties) = preSolution
		HideSolutionNode = FALSE
	EndGlobalSection
	GlobalSection(ExtensibilityGlobals) = postSolution
		SolutionGuid = {5E9B340D-3CAA-48AE-A9E2-D30432294D65}
	EndGlobalSection
EndGlobal
